
Microsoft Visual Studio Solution File, Format Version 12.00
# Visual Studio Version 17
VisualStudioVersion = 17.7.33808.371
MinimumVisualStudioVersion = 10.0.40219.1
Project("{9A19103F-16F7-4668-BE54-9A1E7A4F7556}") = "SwtorHelper", "SwtorHelper\SwtorHelper.csproj", "{A8CC48F8-6086-4BE5-A695-E3F9AAC19844}"
EndProject
Project("{FAE04EC0-301F-11D3-BF4B-00C04F79EFBC}") = "SwtorLogParser", "..\swtor-logparser\SwtorLogParser\SwtorLogParser.csproj", "{4F70A7DB-FD8C-4315-AAEA-67CE24DD70C6}"
EndProject
Global
	GlobalSection(SolutionConfigurationPlatforms) = preSolution
		Debug|Any CPU = Debug|Any CPU
		Release|Any CPU = Release|Any CPU
	EndGlobalSection
	GlobalSection(ProjectConfigurationPlatforms) = postSolution
		{A8CC48F8-6086-4BE5-A695-E3F9AAC19844}.Debug|Any CPU.ActiveCfg = Debug|Any CPU
		{A8CC48F8-6086-4BE5-A695-E3F9AAC19844}.Debug|Any CPU.Build.0 = Debug|Any CPU
		{A8CC48F8-6086-4BE5-A695-E3F9AAC19844}.Debug|Any CPU.Deploy.0 = Debug|Any CPU
		{A8CC48F8-6086-4BE5-A695-E3F9AAC19844}.Release|Any CPU.ActiveCfg = Release|Any CPU
		{A8CC48F8-6086-4BE5-A695-E3F9AAC19844}.Release|Any CPU.Build.0 = Release|Any CPU
		{4F70A7DB-FD8C-4315-AAEA-67CE24DD70C6}.Debug|Any CPU.ActiveCfg = Debug|Any CPU
		{4F70A7DB-FD8C-4315-AAEA-67CE24DD70C6}.Debug|Any CPU.Build.0 = Debug|Any CPU
		{4F70A7DB-FD8C-4315-AAEA-67CE24DD70C6}.Release|Any CPU.ActiveCfg = Release|Any CPU
		{4F70A7DB-FD8C-4315-AAEA-67CE24DD70C6}.Release|Any CPU.Build.0 = Release|Any CPU
	EndGlobalSection
	GlobalSection(SolutionProperties) = preSolution
		HideSolutionNode = FALSE
	EndGlobalSection
	GlobalSection(ExtensibilityGlobals) = postSolution
		SolutionGuid = {5B7DA10D-4035-4CEB-B2B2-09C0EE0AD6D0}
	EndGlobalSection
EndGlobal
